
Microsoft Visual Studio Solution File, Format Version 12.00
# Visual Studio Version 17
VisualStudioVersion = 17.13.35806.99 d17.13
MinimumVisualStudioVersion = 10.0.40219.1
Project("{8BC9CEB8-8B4A-11D0-8D11-00A0C91BC942}") = "CS1.6", "CS1.6\CS1.6.vcxproj", "{7BA5F825-5534-4F08-9D75-CA88D50CF4D6}"
EndProject
Global
	GlobalSection(SolutionConfigurationPlatforms) = preSolution
		Debug|x64 = Debug|x64
		Debug|x86 = Debug|x86
		Release|x64 = Release|x64
		Release|x86 = Release|x86
	EndGlobalSection
	GlobalSection(ProjectConfigurationPlatforms) = postSolution
		{7BA5F825-5534-4F08-9D75-CA88D50CF4D6}.Debug|x64.ActiveCfg = Debug|x64
		{7BA5F825-5534-4F08-9D75-CA88D50CF4D6}.Debug|x64.Build.0 = Debug|x64
		{7BA5F825-5534-4F08-9D75-CA88D50CF4D6}.Debug|x86.ActiveCfg = Debug|Win32
		{7BA5F825-5534-4F08-9D75-CA88D50CF4D6}.Debug|x86.Build.0 = Debug|Win32
		{7BA5F825-5534-4F08-9D75-CA88D50CF4D6}.Release|x64.ActiveCfg = Release|x64
		{7BA5F825-5534-4F08-9D75-CA88D50CF4D6}.Release|x64.Build.0 = Release|x64
		{7BA5F825-5534-4F08-9D75-CA88D50CF4D6}.Release|x86.ActiveCfg = Release|Win32
		{7BA5F825-5534-4F08-9D75-CA88D50CF4D6}.Release|x86.Build.0 = Release|Win32
	EndGlobalSection
	GlobalSection(SolutionProperties) = preSolution
		HideSolutionNode = FALSE
	EndGlobalSection
	GlobalSection(ExtensibilityGlobals) = postSolution
		SolutionGuid = {AE14A31E-25C0-47B6-BCA4-6FB30161F17B}
	EndGlobalSection
EndGlobal
